
Microsoft Visual Studio Solution File, Format Version 12.00
# Visual Studio Version 17
VisualStudioVersion = 17.14.36212.18 d17.14
MinimumVisualStudioVersion = 10.0.40219.1
Project("{FAE04EC0-301F-11D3-BF4B-00C04F79EFBC}") = "hlc-server-new", "hlc-server-new.csproj", "{3995E2A2-ABE6-BA12-E913-77ACC943D100}"
EndProject
Global
	GlobalSection(SolutionConfigurationPlatforms) = preSolution
		Debug|Any CPU = Debug|Any CPU
		Release|Any CPU = Release|Any CPU
	EndGlobalSection
	GlobalSection(ProjectConfigurationPlatforms) = postSolution
		{3995E2A2-ABE6-BA12-E913-77ACC943D100}.Debug|Any CPU.ActiveCfg = Debug|Any CPU
		{3995E2A2-ABE6-BA12-E913-77ACC943D100}.Debug|Any CPU.Build.0 = Debug|Any CPU
		{3995E2A2-ABE6-BA12-E913-77ACC943D100}.Release|Any CPU.ActiveCfg = Release|Any CPU
		{3995E2A2-ABE6-BA12-E913-77ACC943D100}.Release|Any CPU.Build.0 = Release|Any CPU
	EndGlobalSection
	GlobalSection(SolutionProperties) = preSolution
		HideSolutionNode = FALSE
	EndGlobalSection
	GlobalSection(ExtensibilityGlobals) = postSolution
		SolutionGuid = {A47A2D35-3C41-495F-8C3F-9FB3E42649FD}
	EndGlobalSection
EndGlobal
